
Microsoft Visual Studio Solution File, Format Version 12.00
# Visual Studio Version 17
VisualStudioVersion = 17.0.31903.59
MinimumVisualStudioVersion = 10.0.40219.1
Project("{FAE04EC0-301F-11D3-BF4B-00C04F79EFBC}") = "SiNiSistar2.Edi.Core", "src\SiNiSistar2.Edi.Core\SiNiSistar2.Edi.Core.csproj", "{211CF907-F310-4690-9DF7-64D1E01EE5EC}"
EndProject
Project("{FAE04EC0-301F-11D3-BF4B-00C04F79EFBC}") = "SiNiSistar2.Edi.Plugin", "src\SiNiSistar2.Edi.Plugin\SiNiSistar2.Edi.Plugin.csproj", "{91BBC8C1-BB14-45AB-AE0E-19E5D8BDEDFC}"
EndProject
Project("{FAE04EC0-301F-11D3-BF4B-00C04F79EFBC}") = "SiNiSistar2.Edi.Core.Tests", "tests\SiNiSistar2.Edi.Core.Tests\SiNiSistar2.Edi.Core.Tests.csproj", "{66D774FD-3271-4B6C-8B37-05AE0B619E2F}"
EndProject
Project("{2150E333-8FDC-42A3-9474-1A3956D46DE8}") = "src", "src", "{827E0CD3-B72D-47B6-A68D-7590B98EB39B}"
EndProject
Project("{FAE04EC0-301F-11D3-BF4B-00C04F79EFBC}") = "SiNiSistar2.Difficulty.Core", "src\SiNiSistar2.Difficulty.Core\SiNiSistar2.Difficulty.Core.csproj", "{3EA76ED9-6D15-4422-93B0-746BEA7AD3CE}"
EndProject
Project("{FAE04EC0-301F-11D3-BF4B-00C04F79EFBC}") = "SiNiSistar2.Difficulty.Plugin", "src\SiNiSistar2.Difficulty.Plugin\SiNiSistar2.Difficulty.Plugin.csproj", "{C8E3F6C7-C105-4925-84B6-7145442EC1B5}"
EndProject
Project("{2150E333-8FDC-42A3-9474-1A3956D46DE8}") = "tests", "tests", "{0AB3BF05-4346-4AA6-1389-037BE0695223}"
EndProject
Project("{FAE04EC0-301F-11D3-BF4B-00C04F79EFBC}") = "SiNiSistar2.Difficulty.Core.Tests", "tests\SiNiSistar2.Difficulty.Core.Tests\SiNiSistar2.Difficulty.Core.Tests.csproj", "{6B75D258-B713-4313-B0BB-1D7988C9B60A}"
EndProject
Project("{FAE04EC0-301F-11D3-BF4B-00C04F79EFBC}") = "SiNiSistar2.Pleasure.Core", "src\SiNiSistar2.Pleasure.Core\SiNiSistar2.Pleasure.Core.csproj", "{D2254AE4-4D85-48A2-BCC4-99E1E4378F49}"
EndProject
Project("{FAE04EC0-301F-11D3-BF4B-00C04F79EFBC}") = "SiNiSistar2.Pleasure.Plugin", "src\SiNiSistar2.Pleasure.Plugin\SiNiSistar2.Pleasure.Plugin.csproj", "{2F94C999-31C2-4CE8-85BE-4F36702B88D5}"
EndProject
Project("{FAE04EC0-301F-11D3-BF4B-00C04F79EFBC}") = "SiNiSistar2.Pleasure.Core.Tests", "tests\SiNiSistar2.Pleasure.Core.Tests\SiNiSistar2.Pleasure.Core.Tests.csproj", "{4F7E43DB-BAF1-49EC-A1FA-42B274FE9A96}"
EndProject
Global
	GlobalSection(SolutionConfigurationPlatforms) = preSolution
		Debug|Any CPU = Debug|Any CPU
		Debug|x64 = Debug|x64
		Debug|x86 = Debug|x86
		Release|Any CPU = Release|Any CPU
		Release|x64 = Release|x64
		Release|x86 = Release|x86
	EndGlobalSection
	GlobalSection(ProjectConfigurationPlatforms) = postSolution
		{211CF907-F310-4690-9DF7-64D1E01EE5EC}.Debug|Any CPU.ActiveCfg = Debug|Any CPU
		{211CF907-F310-4690-9DF7-64D1E01EE5EC}.Debug|Any CPU.Build.0 = Debug|Any CPU
		{211CF907-F310-4690-9DF7-64D1E01EE5EC}.Debug|x64.ActiveCfg = Debug|Any CPU
		{211CF907-F310-4690-9DF7-64D1E01EE5EC}.Debug|x64.Build.0 = Debug|Any CPU
		{211CF907-F310-4690-9DF7-64D1E01EE5EC}.Debug|x86.ActiveCfg = Debug|Any CPU
		{211CF907-F310-4690-9DF7-64D1E01EE5EC}.Debug|x86.Build.0 = Debug|Any CPU
		{211CF907-F310-4690-9DF7-64D1E01EE5EC}.Release|Any CPU.ActiveCfg = Release|Any CPU
		{211CF907-F310-4690-9DF7-64D1E01EE5EC}.Release|Any CPU.Build.0 = Release|Any CPU
		{211CF907-F310-4690-9DF7-64D1E01EE5EC}.Release|x64.ActiveCfg = Release|Any CPU
		{211CF907-F310-4690-9DF7-64D1E01EE5EC}.Release|x64.Build.0 = Release|Any CPU
		{211CF907-F310-4690-9DF7-64D1E01EE5EC}.Release|x86.ActiveCfg = Release|Any CPU
		{211CF907-F310-4690-9DF7-64D1E01EE5EC}.Release|x86.Build.0 = Release|Any CPU
		{91BBC8C1-BB14-45AB-AE0E-19E5D8BDEDFC}.Debug|Any CPU.ActiveCfg = Debug|Any CPU
		{91BBC8C1-BB14-45AB-AE0E-19E5D8BDEDFC}.Debug|Any CPU.Build.0 = Debug|Any CPU
		{91BBC8C1-BB14-45AB-AE0E-19E5D8BDEDFC}.Debug|x64.ActiveCfg = Debug|Any CPU
		{91BBC8C1-BB14-45AB-AE0E-19E5D8BDEDFC}.Debug|x64.Build.0 = Debug|Any CPU
		{91BBC8C1-BB14-45AB-AE0E-19E5D8BDEDFC}.Debug|x86.ActiveCfg = Debug|Any CPU
		{91BBC8C1-BB14-45AB-AE0E-19E5D8BDEDFC}.Debug|x86.Build.0 = Debug|Any CPU
		{91BBC8C1-BB14-45AB-AE0E-19E5D8BDEDFC}.Release|Any CPU.ActiveCfg = Release|Any CPU
		{91BBC8C1-BB14-45AB-AE0E-19E5D8BDEDFC}.Release|Any CPU.Build.0 = Release|Any CPU
		{91BBC8C1-BB14-45AB-AE0E-19E5D8BDEDFC}.Release|x64.ActiveCfg = Release|Any CPU
		{91BBC8C1-BB14-45AB-AE0E-19E5D8BDEDFC}.Release|x64.Build.0 = Release|Any CPU
		{91BBC8C1-BB14-45AB-AE0E-19E5D8BDEDFC}.Release|x86.ActiveCfg = Release|Any CPU
		{91BBC8C1-BB14-45AB-AE0E-19E5D8BDEDFC}.Release|x86.Build.0 = Release|Any CPU
		{66D774FD-3271-4B6C-8B37-05AE0B619E2F}.Debug|Any CPU.ActiveCfg = Debug|Any CPU
		{66D774FD-3271-4B6C-8B37-05AE0B619E2F}.Debug|Any CPU.Build.0 = Debug|Any CPU
		{66D774FD-3271-4B6C-8B37-05AE0B619E2F}.Debug|x64.ActiveCfg = Debug|Any CPU
		{66D774FD-3271-4B6C-8B37-05AE0B619E2F}.Debug|x64.Build.0 = Debug|Any CPU
		{66D774FD-3271-4B6C-8B37-05AE0B619E2F}.Debug|x86.ActiveCfg = Debug|Any CPU
		{66D774FD-3271-4B6C-8B37-05AE0B619E2F}.Debug|x86.Build.0 = Debug|Any CPU
		{66D774FD-3271-4B6C-8B37-05AE0B619E2F}.Release|Any CPU.ActiveCfg = Release|Any CPU
		{66D774FD-3271-4B6C-8B37-05AE0B619E2F}.Release|Any CPU.Build.0 = Release|Any CPU
		{66D774FD-3271-4B6C-8B37-05AE0B619E2F}.Release|x64.ActiveCfg = Release|Any CPU
		{66D774FD-3271-4B6C-8B37-05AE0B619E2F}.Release|x64.Build.0 = Release|Any CPU
		{66D774FD-3271-4B6C-8B37-05AE0B619E2F}.Release|x86.ActiveCfg = Release|Any CPU
		{66D774FD-3271-4B6C-8B37-05AE0B619E2F}.Release|x86.Build.0 = Release|Any CPU
		{3EA76ED9-6D15-4422-93B0-746BEA7AD3CE}.Debug|Any CPU.ActiveCfg = Debug|Any CPU
		{3EA76ED9-6D15-4422-93B0-746BEA7AD3CE}.Debug|Any CPU.Build.0 = Debug|Any CPU
		{3EA76ED9-6D15-4422-93B0-746BEA7AD3CE}.Debug|x64.ActiveCfg = Debug|Any CPU
		{3EA76ED9-6D15-4422-93B0-746BEA7AD3CE}.Debug|x64.Build.0 = Debug|Any CPU
		{3EA76ED9-6D15-4422-93B0-746BEA7AD3CE}.Debug|x86.ActiveCfg = Debug|Any CPU
		{3EA76ED9-6D15-4422-93B0-746BEA7AD3CE}.Debug|x86.Build.0 = Debug|Any CPU
		{3EA76ED9-6D15-4422-93B0-746BEA7AD3CE}.Release|Any CPU.ActiveCfg = Release|Any CPU
		{3EA76ED9-6D15-4422-93B0-746BEA7AD3CE}.Release|Any CPU.Build.0 = Release|Any CPU
		{3EA76ED9-6D15-4422-93B0-746BEA7AD3CE}.Release|x64.ActiveCfg = Release|Any CPU
		{3EA76ED9-6D15-4422-93B0-746BEA7AD3CE}.Release|x64.Build.0 = Release|Any CPU
		{3EA76ED9-6D15-4422-93B0-746BEA7AD3CE}.Release|x86.ActiveCfg = Release|Any CPU
		{3EA76ED9-6D15-4422-93B0-746BEA7AD3CE}.Release|x86.Build.0 = Release|Any CPU
		{C8E3F6C7-C105-4925-84B6-7145442EC1B5}.Debug|Any CPU.ActiveCfg = Debug|Any CPU
		{C8E3F6C7-C105-4925-84B6-7145442EC1B5}.Debug|Any CPU.Build.0 = Debug|Any CPU
		{C8E3F6C7-C105-4925-84B6-7145442EC1B5}.Debug|x64.ActiveCfg = Debug|Any CPU
		{C8E3F6C7-C105-4925-84B6-7145442EC1B5}.Debug|x64.Build.0 = Debug|Any CPU
		{C8E3F6C7-C105-4925-84B6-7145442EC1B5}.Debug|x86.ActiveCfg = Debug|Any CPU
		{C8E3F6C7-C105-4925-84B6-7145442EC1B5}.Debug|x86.Build.0 = Debug|Any CPU
		{C8E3F6C7-C105-4925-84B6-7145442EC1B5}.Release|Any CPU.ActiveCfg = Release|Any CPU
		{C8E3F6C7-C105-4925-84B6-7145442EC1B5}.Release|Any CPU.Build.0 = Release|Any CPU
		{C8E3F6C7-C105-4925-84B6-7145442EC1B5}.Release|x64.ActiveCfg = Release|Any CPU
		{C8E3F6C7-C105-4925-84B6-7145442EC1B5}.Release|x64.Build.0 = Release|Any CPU
		{C8E3F6C7-C105-4925-84B6-7145442EC1B5}.Release|x86.ActiveCfg = Release|Any CPU
		{C8E3F6C7-C105-4925-84B6-7145442EC1B5}.Release|x86.Build.0 = Release|Any CPU
		{6B75D258-B713-4313-B0BB-1D7988C9B60A}.Debug|Any CPU.ActiveCfg = Debug|Any CPU
		{6B75D258-B713-4313-B0BB-1D7988C9B60A}.Debug|Any CPU.Build.0 = Debug|Any CPU
		{6B75D258-B713-4313-B0BB-1D7988C9B60A}.Debug|x64.ActiveCfg = Debug|Any CPU
		{6B75D258-B713-4313-B0BB-1D7988C9B60A}.Debug|x64.Build.0 = Debug|Any CPU
		{6B75D258-B713-4313-B0BB-1D7988C9B60A}.Debug|x86.ActiveCfg = Debug|Any CPU
		{6B75D258-B713-4313-B0BB-1D7988C9B60A}.Debug|x86.Build.0 = Debug|Any CPU
		{6B75D258-B713-4313-B0BB-1D7988C9B60A}.Release|Any CPU.ActiveCfg = Release|Any CPU
		{6B75D258-B713-4313-B0BB-1D7988C9B60A}.Release|Any CPU.Build.0 = Release|Any CPU
		{6B75D258-B713-4313-B0BB-1D7988C9B60A}.Release|x64.ActiveCfg = Release|Any CPU
		{6B75D258-B713-4313-B0BB-1D7988C9B60A}.Release|x64.Build.0 = Release|Any CPU
		{6B75D258-B713-4313-B0BB-1D7988C9B60A}.Release|x86.ActiveCfg = Release|Any CPU
		{6B75D258-B713-4313-B0BB-1D7988C9B60A}.Release|x86.Build.0 = Release|Any CPU
		{D2254AE4-4D85-48A2-BCC4-99E1E4378F49}.Debug|Any CPU.ActiveCfg = Debug|Any CPU
		{D2254AE4-4D85-48A2-BCC4-99E1E4378F49}.Debug|Any CPU.Build.0 = Debug|Any CPU
		{D2254AE4-4D85-48A2-BCC4-99E1E4378F49}.Debug|x64.ActiveCfg = Debug|Any CPU
		{D2254AE4-4D85-48A2-BCC4-99E1E4378F49}.Debug|x64.Build.0 = Debug|Any CPU
		{D2254AE4-4D85-48A2-BCC4-99E1E4378F49}.Debug|x86.ActiveCfg = Debug|Any CPU
		{D2254AE4-4D85-48A2-BCC4-99E1E4378F49}.Debug|x86.Build.0 = Debug|Any CPU
		{D2254AE4-4D85-48A2-BCC4-99E1E4378F49}.Release|Any CPU.ActiveCfg = Release|Any CPU
		{D2254AE4-4D85-48A2-BCC4-99E1E4378F49}.Release|Any CPU.Build.0 = Release|Any CPU
		{D2254AE4-4D85-48A2-BCC4-99E1E4378F49}.Release|x64.ActiveCfg = Release|Any CPU
		{D2254AE4-4D85-48A2-BCC4-99E1E4378F49}.Release|x64.Build.0 = Release|Any CPU
		{D2254AE4-4D85-48A2-BCC4-99E1E4378F49}.Release|x86.ActiveCfg = Release|Any CPU
		{D2254AE4-4D85-48A2-BCC4-99E1E4378F49}.Release|x86.Build.0 = Release|Any CPU
		{2F94C999-31C2-4CE8-85BE-4F36702B88D5}.Debug|Any CPU.ActiveCfg = Debug|Any CPU
		{2F94C999-31C2-4CE8-85BE-4F36702B88D5}.Debug|Any CPU.Build.0 = Debug|Any CPU
		{2F94C999-31C2-4CE8-85BE-4F36702B88D5}.Debug|x64.ActiveCfg = Debug|Any CPU
		{2F94C999-31C2-4CE8-85BE-4F36702B88D5}.Debug|x64.Build.0 = Debug|Any CPU
		{2F94C999-31C2-4CE8-85BE-4F36702B88D5}.Debug|x86.ActiveCfg = Debug|Any CPU
		{2F94C999-31C2-4CE8-85BE-4F36702B88D5}.Debug|x86.Build.0 = Debug|Any CPU
		{2F94C999-31C2-4CE8-85BE-4F36702B88D5}.Release|Any CPU.ActiveCfg = Release|Any CPU
		{2F94C999-31C2-4CE8-85BE-4F36702B88D5}.Release|Any CPU.Build.0 = Release|Any CPU
		{2F94C999-31C2-4CE8-85BE-4F36702B88D5}.Release|x64.ActiveCfg = Release|Any CPU
		{2F94C999-31C2-4CE8-85BE-4F36702B88D5}.Release|x64.Build.0 = Release|Any CPU
		{2F94C999-31C2-4CE8-85BE-4F36702B88D5}.Release|x86.ActiveCfg = Release|Any CPU
		{2F94C999-31C2-4CE8-85BE-4F36702B88D5}.Release|x86.Build.0 = Release|Any CPU
		{4F7E43DB-BAF1-49EC-A1FA-42B274FE9A96}.Debug|Any CPU.ActiveCfg = Debug|Any CPU
		{4F7E43DB-BAF1-49EC-A1FA-42B274FE9A96}.Debug|Any CPU.Build.0 = Debug|Any CPU
		{4F7E43DB-BAF1-49EC-A1FA-42B274FE9A96}.Debug|x64.ActiveCfg = Debug|Any CPU
		{4F7E43DB-BAF1-49EC-A1FA-42B274FE9A96}.Debug|x64.Build.0 = Debug|Any CPU
		{4F7E43DB-BAF1-49EC-A1FA-42B274FE9A96}.Debug|x86.ActiveCfg = Debug|Any CPU
		{4F7E43DB-BAF1-49EC-A1FA-42B274FE9A96}.Debug|x86.Build.0 = Debug|Any CPU
		{4F7E43DB-BAF1-49EC-A1FA-42B274FE9A96}.Release|Any CPU.ActiveCfg = Release|Any CPU
		{4F7E43DB-BAF1-49EC-A1FA-42B274FE9A96}.Release|Any CPU.Build.0 = Release|Any CPU
		{4F7E43DB-BAF1-49EC-A1FA-42B274FE9A96}.Release|x64.ActiveCfg = Release|Any CPU
		{4F7E43DB-BAF1-49EC-A1FA-42B274FE9A96}.Release|x64.Build.0 = Release|Any CPU
		{4F7E43DB-BAF1-49EC-A1FA-42B274FE9A96}.Release|x86.ActiveCfg = Release|Any CPU
		{4F7E43DB-BAF1-49EC-A1FA-42B274FE9A96}.Release|x86.Build.0 = Release|Any CPU
	EndGlobalSection
	GlobalSection(SolutionProperties) = preSolution
		HideSolutionNode = FALSE
	EndGlobalSection
	GlobalSection(NestedProjects) = preSolution
		{3EA76ED9-6D15-4422-93B0-746BEA7AD3CE} = {827E0CD3-B72D-47B6-A68D-7590B98EB39B}
		{C8E3F6C7-C105-4925-84B6-7145442EC1B5} = {827E0CD3-B72D-47B6-A68D-7590B98EB39B}
		{6B75D258-B713-4313-B0BB-1D7988C9B60A} = {0AB3BF05-4346-4AA6-1389-037BE0695223}
		{D2254AE4-4D85-48A2-BCC4-99E1E4378F49} = {827E0CD3-B72D-47B6-A68D-7590B98EB39B}
		{2F94C999-31C2-4CE8-85BE-4F36702B88D5} = {827E0CD3-B72D-47B6-A68D-7590B98EB39B}
		{4F7E43DB-BAF1-49EC-A1FA-42B274FE9A96} = {0AB3BF05-4346-4AA6-1389-037BE0695223}
	EndGlobalSection
EndGlobal
